
Microsoft Visual Studio Solution File, Format Version 12.00
# Visual Studio Version 16
VisualStudioVersion = 16.0.30225.117
MinimumVisualStudioVersion = 10.0.40219.1
Project("{FAE04EC0-301F-11D3-BF4B-00C04F79EFBC}") = "ImagePanZoomRotateFilter", "ImagePanZoomRotateFilter\ImagePanZoomRotateFilter.csproj", "{534F8B27-A47F-438A-8391-35CF0A96386E}"
EndProject
Global
	GlobalSection(SolutionConfigurationPlatforms) = preSolution
		Debug|Any CPU = Debug|Any CPU
		Release|Any CPU = Release|Any CPU
	EndGlobalSection
	GlobalSection(ProjectConfigurationPlatforms) = postSolution
		{534F8B27-A47F-438A-8391-35CF0A96386E}.Debug|Any CPU.ActiveCfg = Debug|Any CPU
		{534F8B27-A47F-438A-8391-35CF0A96386E}.Debug|Any CPU.Build.0 = Debug|Any CPU
		{534F8B27-A47F-438A-8391-35CF0A96386E}.Release|Any CPU.ActiveCfg = Release|Any CPU
		{534F8B27-A47F-438A-8391-35CF0A96386E}.Release|Any CPU.Build.0 = Release|Any CPU
	EndGlobalSection
	GlobalSection(SolutionProperties) = preSolution
		HideSolutionNode = FALSE
	EndGlobalSection
	GlobalSection(ExtensibilityGlobals) = postSolution
		SolutionGuid = {83488D63-7003-4BFF-AB56-EFD1AD313016}
	EndGlobalSection
EndGlobal
